// !$*UTF8*$!
{
	archiveVersion = 1;
	classes = {
	};
	objectVersion = 56;
	objects = {

/* Begin PBXBuildFile section */
		0CDD7802299DF70500E02190 /* AppDelegate.m in Sources */ = {isa = PBXBuildFile; fileRef = 0CDD7801299DF70500E02190 /* AppDelegate.m */; };
		0CDD7805299DF70500E02190 /* SceneDelegate.mm in Sources */ = {isa = PBXBuildFile; fileRef = 0CDD7804299DF70500E02190 /* SceneDelegate.mm */; };
		0CDD7808299DF70500E02190 /* ViewController.mm in Sources */ = {isa = PBXBuildFile; fileRef = 0CDD7807299DF70500E02190 /* ViewController.mm */; };
		0CDD780B299DF70500E02190 /* Main.storyboard in Resources */ = {isa = PBXBuildFile; fileRef = 0CDD7809299DF70500E02190 /* Main.storyboard */; };
		0CDD7810299DF70500E02190 /* LaunchScreen.storyboard in Resources */ = {isa = PBXBuildFile; fileRef = 0CDD780E299DF70500E02190 /* LaunchScreen.storyboard */; };
		0CDD7813299DF70500E02190 /* main.mm in Sources */ = {isa = PBXBuildFile; fileRef = 0CDD7812299DF70500E02190 /* main.mm */; };
		0CDD781C299DFA7C00E02190 /* libtaichi_c_api.a in Frameworks */ = {isa = PBXBuildFile; fileRef = 0CDD781B299DFA7C00E02190 /* libtaichi_c_api.a */; };
		0CDD781E299DFBC600E02190 /* libc++.tbd in Frameworks */ = {isa = PBXBuildFile; fileRef = 0CDD781D299DFBC600E02190 /* libc++.tbd */; };
		9F95660329F68CDB00126372 /* utils.cpp in Sources */ = {isa = PBXBuildFile; fileRef = 9F9565FF29F68CDB00126372 /* utils.cpp */; };
		9F95660429F68CDB00126372 /* app_fp32.cpp in Sources */ = {isa = PBXBuildFile; fileRef = 9F95660029F68CDB00126372 /* app_fp32.cpp */; };
		9FCC345D29F7AD1400B42409 /* taichi_ngp in Resources */ = {isa = PBXBuildFile; fileRef = 9FCC345C29F7AD1400B42409 /* taichi_ngp */; };
		9FCC345F29F7C6A300B42409 /* c_api in Resources */ = {isa = PBXBuildFile; fileRef = 9FCC345E29F7C6A300B42409 /* c_api */; };
/* End PBXBuildFile section */

/* Begin PBXFileReference section */
		0CDD77FD299DF70500E02190 /* TaichiNGPDemo.app */ = {isa = PBXFileReference; explicitFileType = wrapper.application; includeInIndex = 0; path = TaichiNGPDemo.app; sourceTree = BUILT_PRODUCTS_DIR; };
		0CDD7800299DF70500E02190 /* AppDelegate.h */ = {isa = PBXFileReference; lastKnownFileType = sourcecode.c.h; path = AppDelegate.h; sourceTree = "<group>"; };
		0CDD7801299DF70500E02190 /* AppDelegate.m */ = {isa = PBXFileReference; lastKnownFileType = sourcecode.c.objc; path = AppDelegate.m; sourceTree = "<group>"; };
		0CDD7803299DF70500E02190 /* SceneDelegate.h */ = {isa = PBXFileReference; lastKnownFileType = sourcecode.c.h; path = SceneDelegate.h; sourceTree = "<group>"; };
		0CDD7804299DF70500E02190 /* SceneDelegate.mm */ = {isa = PBXFileReference; lastKnownFileType = sourcecode.cpp.objcpp; path = SceneDelegate.mm; sourceTree = "<group>"; };
		0CDD7806299DF70500E02190 /* ViewController.h */ = {isa = PBXFileReference; lastKnownFileType = sourcecode.c.h; path = ViewController.h; sourceTree = "<group>"; };
		0CDD7807299DF70500E02190 /* ViewController.mm */ = {isa = PBXFileReference; lastKnownFileType = sourcecode.cpp.objcpp; path = ViewController.mm; sourceTree = "<group>"; };
		0CDD780A299DF70500E02190 /* Base */ = {isa = PBXFileReference; lastKnownFileType = file.storyboard; name = Base; path = Base.lproj/Main.storyboard; sourceTree = "<group>"; };
		0CDD780F299DF70500E02190 /* Base */ = {isa = PBXFileReference; lastKnownFileType = file.storyboard; name = Base; path = Base.lproj/LaunchScreen.storyboard; sourceTree = "<group>"; };
		0CDD7811299DF70500E02190 /* Info.plist */ = {isa = PBXFileReference; lastKnownFileType = text.plist.xml; path = Info.plist; sourceTree = "<group>"; };
		0CDD7812299DF70500E02190 /* main.mm */ = {isa = PBXFileReference; lastKnownFileType = sourcecode.cpp.objcpp; path = main.mm; sourceTree = "<group>"; };
		0CDD781B299DFA7C00E02190 /* libtaichi_c_api.a */ = {isa = PBXFileReference; explicitFileType = archive.ar; name = libtaichi_c_api.a; path = TaichiNGPDemo/c_api/lib/libtaichi_c_api.a; sourceTree = "<group>"; };
		0CDD781D299DFBC600E02190 /* libc++.tbd */ = {isa = PBXFileReference; lastKnownFileType = "sourcecode.text-based-dylib-definition"; name = "libc++.tbd"; path = "usr/lib/libc++.tbd"; sourceTree = SDKROOT; };
		9F9565FE29F68CDB00126372 /* stb_image_writer.h */ = {isa = PBXFileReference; fileEncoding = 4; lastKnownFileType = sourcecode.c.h; path = stb_image_writer.h; sourceTree = "<group>"; };
		9F9565FF29F68CDB00126372 /* utils.cpp */ = {isa = PBXFileReference; fileEncoding = 4; lastKnownFileType = sourcecode.cpp.cpp; path = utils.cpp; sourceTree = "<group>"; };
		9F95660029F68CDB00126372 /* app_fp32.cpp */ = {isa = PBXFileReference; fileEncoding = 4; lastKnownFileType = sourcecode.cpp.cpp; path = app_fp32.cpp; sourceTree = "<group>"; };
		9F95660129F68CDB00126372 /* utils.hpp */ = {isa = PBXFileReference; fileEncoding = 4; lastKnownFileType = sourcecode.cpp.h; path = utils.hpp; sourceTree = "<group>"; };
		9F95660229F68CDB00126372 /* app_fp32.hpp */ = {isa = PBXFileReference; fileEncoding = 4; lastKnownFileType = sourcecode.cpp.h; path = app_fp32.hpp; sourceTree = "<group>"; };
		9FCC345C29F7AD1400B42409 /* taichi_ngp */ = {isa = PBXFileReference; lastKnownFileType = folder; name = taichi_ngp; path = ../../taichi_ngp; sourceTree = "<group>"; };
		9FCC345E29F7C6A300B42409 /* c_api */ = {isa = PBXFileReference; fileEncoding = 4; lastKnownFileType = text; path = c_api; sourceTree = SOURCE_ROOT; };
/* End PBXFileReference section */

/* Begin PBXFrameworksBuildPhase section */
		0CDD77FA299DF70500E02190 /* Frameworks */ = {
			isa = PBXFrameworksBuildPhase;
			buildActionMask = 2147483647;
			files = (
				0CDD781E299DFBC600E02190 /* libc++.tbd in Frameworks */,
				0CDD781C299DFA7C00E02190 /* libtaichi_c_api.a in Frameworks */,
			);
			runOnlyForDeploymentPostprocessing = 0;
		};
/* End PBXFrameworksBuildPhase section */

/* Begin PBXGroup section */
		0CDD77F4299DF70500E02190 = {
			isa = PBXGroup;
			children = (
				0CDD77FF299DF70500E02190 /* TaichiNGPDemo */,
				0CDD77FE299DF70500E02190 /* Products */,
				0CDD7819299DF7D500E02190 /* Frameworks */,
			);
			sourceTree = "<group>";
		};
		0CDD77FE299DF70500E02190 /* Products */ = {
			isa = PBXGroup;
			children = (
				0CDD77FD299DF70500E02190 /* TaichiNGPDemo.app */,
			);
			name = Products;
			sourceTree = "<group>";
		};
		0CDD77FF299DF70500E02190 /* TaichiNGPDemo */ = {
			isa = PBXGroup;
			children = (
				9FCC345E29F7C6A300B42409 /* c_api */,
				9FCC345C29F7AD1400B42409 /* taichi_ngp */,
				9F9565FD29F68CDB00126372 /* utils */,
				0CDD7800299DF70500E02190 /* AppDelegate.h */,
				0CDD7801299DF70500E02190 /* AppDelegate.m */,
				0CDD7803299DF70500E02190 /* SceneDelegate.h */,
				0CDD7804299DF70500E02190 /* SceneDelegate.mm */,
				0CDD7806299DF70500E02190 /* ViewController.h */,
				0CDD7807299DF70500E02190 /* ViewController.mm */,
				0CDD7809299DF70500E02190 /* Main.storyboard */,
				0CDD780E299DF70500E02190 /* LaunchScreen.storyboard */,
				0CDD7811299DF70500E02190 /* Info.plist */,
				0CDD7812299DF70500E02190 /* main.mm */,
			);
			path = TaichiNGPDemo;
			sourceTree = "<group>";
		};
		0CDD7819299DF7D500E02190 /* Frameworks */ = {
			isa = PBXGroup;
			children = (
				0CDD781D299DFBC600E02190 /* libc++.tbd */,
				0CDD781B299DFA7C00E02190 /* libtaichi_c_api.a */,
			);
			name = Frameworks;
			sourceTree = "<group>";
		};
		9F9565FD29F68CDB00126372 /* utils */ = {
			isa = PBXGroup;
			children = (
				9F9565FE29F68CDB00126372 /* stb_image_writer.h */,
				9F9565FF29F68CDB00126372 /* utils.cpp */,
				9F95660029F68CDB00126372 /* app_fp32.cpp */,
				9F95660129F68CDB00126372 /* utils.hpp */,
				9F95660229F68CDB00126372 /* app_fp32.hpp */,
			);
			name = utils;
			path = ../../utils;
			sourceTree = "<group>";
		};
/* End PBXGroup section */

/* Begin PBXNativeTarget section */
		0CDD77FC299DF70500E02190 /* TaichiNGPDemo */ = {
			isa = PBXNativeTarget;
			buildConfigurationList = 0CDD7816299DF70500E02190 /* Build configuration list for PBXNativeTarget "TaichiNGPDemo" */;
			buildPhases = (
				9FF5AD81299E29140019CCC1 /* Check for C-API & Generate AOT Files */,
				0CDD77F9299DF70500E02190 /* Sources */,
				0CDD77FA299DF70500E02190 /* Frameworks */,
				0CDD77FB299DF70500E02190 /* Resources */,
			);
			buildRules = (
			);
			dependencies = (
			);
			name = TaichiNGPDemo;
			productName = TaichiNGPDemo;
			productReference = 0CDD77FD299DF70500E02190 /* TaichiNGPDemo.app */;
			productType = "com.apple.product-type.application";
		};
/* End PBXNativeTarget section */

/* Begin PBXProject section */
		0CDD77F5299DF70500E02190 /* Project object */ = {
			isa = PBXProject;
			attributes = {
				BuildIndependentTargetsInParallel = 1;
				LastUpgradeCheck = 1420;
				TargetAttributes = {
					0CDD77FC299DF70500E02190 = {
						CreatedOnToolsVersion = 14.2;
					};
				};
			};
			buildConfigurationList = 0CDD77F8299DF70500E02190 /* Build configuration list for PBXProject "TaichiNGPDemo" */;
			compatibilityVersion = "Xcode 14.0";
			developmentRegion = en;
			hasScannedForEncodings = 0;
			knownRegions = (
				en,
				Base,
			);
			mainGroup = 0CDD77F4299DF70500E02190;
			productRefGroup = 0CDD77FE299DF70500E02190 /* Products */;
			projectDirPath = "";
			projectRoot = "";
			targets = (
				0CDD77FC299DF70500E02190 /* TaichiNGPDemo */,
			);
		};
/* End PBXProject section */

/* Begin PBXResourcesBuildPhase section */
		0CDD77FB299DF70500E02190 /* Resources */ = {
			isa = PBXResourcesBuildPhase;
			buildActionMask = 2147483647;
			files = (
				9FCC345D29F7AD1400B42409 /* taichi_ngp in Resources */,
				9FCC345F29F7C6A300B42409 /* c_api in Resources */,
				0CDD7810299DF70500E02190 /* LaunchScreen.storyboard in Resources */,
				0CDD780B299DF70500E02190 /* Main.storyboard in Resources */,
			);
			runOnlyForDeploymentPostprocessing = 0;
		};
/* End PBXResourcesBuildPhase section */

/* Begin PBXShellScriptBuildPhase section */
		9FF5AD81299E29140019CCC1 /* Check for C-API & Generate AOT Files */ = {
			isa = PBXShellScriptBuildPhase;
			buildActionMask = 2147483647;
			files = (
			);
			inputFileListPaths = (
			);
			inputPaths = (
			);
			name = "Check for C-API & Generate AOT Files";
			outputFileListPaths = (
			);
			outputPaths = (
			);
			runOnlyForDeploymentPostprocessing = 0;
			shellPath = /bin/sh;
			shellScript = "C_API_LIBRARY=${PROJECT_DIR}/c_api/\n\nif [ -e \"$C_API_LIBRARY\" ]; then\n    rm -rf $C_API_LIBRARY\nfi\n\nC_API_LIBRARY_ZIP=${PROJECT_DIR}/taichi_c_api_ios_post20230523.zip\nunzip $C_API_LIBRARY_ZIP -d ${PROJECT_DIR}\n\n#python3 ${PROJECT_DIR}/../instant_ngp/assets/taichi_ngp.py --scene smh_lego --aot\n";
		};
/* End PBXShellScriptBuildPhase section */

/* Begin PBXSourcesBuildPhase section */
		0CDD77F9299DF70500E02190 /* Sources */ = {
			isa = PBXSourcesBuildPhase;
			buildActionMask = 2147483647;
			files = (
				9F95660429F68CDB00126372 /* app_fp32.cpp in Sources */,
				0CDD7808299DF70500E02190 /* ViewController.mm in Sources */,
				9F95660329F68CDB00126372 /* utils.cpp in Sources */,
				0CDD7802299DF70500E02190 /* AppDelegate.m in Sources */,
				0CDD7813299DF70500E02190 /* main.mm in Sources */,
				0CDD7805299DF70500E02190 /* SceneDelegate.mm in Sources */,
			);
			runOnlyForDeploymentPostprocessing = 0;
		};
/* End PBXSourcesBuildPhase section */

/* Begin PBXVariantGroup section */
		0CDD7809299DF70500E02190 /* Main.storyboard */ = {
			isa = PBXVariantGroup;
			children = (
				0CDD780A299DF70500E02190 /* Base */,
			);
			name = Main.storyboard;
			sourceTree = "<group>";
		};
		0CDD780E299DF70500E02190 /* LaunchScreen.storyboard */ = {
			isa = PBXVariantGroup;
			children = (
				0CDD780F299DF70500E02190 /* Base */,
			);
			name = LaunchScreen.storyboard;
			sourceTree = "<group>";
		};
/* End PBXVariantGroup section */

/* Begin XCBuildConfiguration section */
		0CDD7814299DF70500E02190 /* Debug */ = {
			isa = XCBuildConfiguration;
			buildSettings = {
				ALWAYS_SEARCH_USER_PATHS = NO;
				CLANG_ANALYZER_NONNULL = YES;
				CLANG_ANALYZER_NUMBER_OBJECT_CONVERSION = YES_AGGRESSIVE;
				CLANG_CXX_LANGUAGE_STANDARD = "gnu++20";
				CLANG_ENABLE_MODULES = YES;
				CLANG_ENABLE_OBJC_ARC = YES;
				CLANG_ENABLE_OBJC_WEAK = YES;
				CLANG_WARN_BLOCK_CAPTURE_AUTORELEASING = YES;
				CLANG_WARN_BOOL_CONVERSION = YES;
				CLANG_WARN_COMMA = YES;
				CLANG_WARN_CONSTANT_CONVERSION = YES;
				CLANG_WARN_DEPRECATED_OBJC_IMPLEMENTATIONS = YES;
				CLANG_WARN_DIRECT_OBJC_ISA_USAGE = YES_ERROR;
				CLANG_WARN_DOCUMENTATION_COMMENTS = YES;
				CLANG_WARN_EMPTY_BODY = YES;
				CLANG_WARN_ENUM_CONVERSION = YES;
				CLANG_WARN_INFINITE_RECURSION = YES;
				CLANG_WARN_INT_CONVERSION = YES;
				CLANG_WARN_NON_LITERAL_NULL_CONVERSION = YES;
				CLANG_WARN_OBJC_IMPLICIT_RETAIN_SELF = YES;
				CLANG_WARN_OBJC_LITERAL_CONVERSION = YES;
				CLANG_WARN_OBJC_ROOT_CLASS = YES_ERROR;
				CLANG_WARN_QUOTED_INCLUDE_IN_FRAMEWORK_HEADER = YES;
				CLANG_WARN_RANGE_LOOP_ANALYSIS = YES;
				CLANG_WARN_STRICT_PROTOTYPES = YES;
				CLANG_WARN_SUSPICIOUS_MOVE = YES;
				CLANG_WARN_UNGUARDED_AVAILABILITY = YES_AGGRESSIVE;
				CLANG_WARN_UNREACHABLE_CODE = YES;
				CLANG_WARN__DUPLICATE_METHOD_MATCH = YES;
				COPY_PHASE_STRIP = NO;
				DEBUG_INFORMATION_FORMAT = dwarf;
				ENABLE_STRICT_OBJC_MSGSEND = YES;
				ENABLE_TESTABILITY = YES;
				GCC_C_LANGUAGE_STANDARD = gnu11;
				GCC_DYNAMIC_NO_PIC = NO;
				GCC_NO_COMMON_BLOCKS = YES;
				GCC_OPTIMIZATION_LEVEL = 0;
				GCC_PREPROCESSOR_DEFINITIONS = (
					"DEBUG=1",
					"$(inherited)",
				);
				GCC_WARN_64_TO_32_BIT_CONVERSION = YES;
				GCC_WARN_ABOUT_RETURN_TYPE = YES_ERROR;
				GCC_WARN_UNDECLARED_SELECTOR = YES;
				GCC_WARN_UNINITIALIZED_AUTOS = YES_AGGRESSIVE;
				GCC_WARN_UNUSED_FUNCTION = YES;
				GCC_WARN_UNUSED_VARIABLE = YES;
				IPHONEOS_DEPLOYMENT_TARGET = 14.0;
				MTL_ENABLE_DEBUG_INFO = INCLUDE_SOURCE;
				MTL_FAST_MATH = YES;
				ONLY_ACTIVE_ARCH = YES;
				SDKROOT = iphoneos;
			};
			name = Debug;
		};
		0CDD7815299DF70500E02190 /* Release */ = {
			isa = XCBuildConfiguration;
			buildSettings = {
				ALWAYS_SEARCH_USER_PATHS = NO;
				CLANG_ANALYZER_NONNULL = YES;
				CLANG_ANALYZER_NUMBER_OBJECT_CONVERSION = YES_AGGRESSIVE;
				CLANG_CXX_LANGUAGE_STANDARD = "gnu++20";
				CLANG_ENABLE_MODULES = YES;
				CLANG_ENABLE_OBJC_ARC = YES;
				CLANG_ENABLE_OBJC_WEAK = YES;
				CLANG_WARN_BLOCK_CAPTURE_AUTORELEASING = YES;
				CLANG_WARN_BOOL_CONVERSION = YES;
				CLANG_WARN_COMMA = YES;
				CLANG_WARN_CONSTANT_CONVERSION = YES;
				CLANG_WARN_DEPRECATED_OBJC_IMPLEMENTATIONS = YES;
				CLANG_WARN_DIRECT_OBJC_ISA_USAGE = YES_ERROR;
				CLANG_WARN_DOCUMENTATION_COMMENTS = YES;
				CLANG_WARN_EMPTY_BODY = YES;
				CLANG_WARN_ENUM_CONVERSION = YES;
				CLANG_WARN_INFINITE_RECURSION = YES;
				CLANG_WARN_INT_CONVERSION = YES;
				CLANG_WARN_NON_LITERAL_NULL_CONVERSION = YES;
				CLANG_WARN_OBJC_IMPLICIT_RETAIN_SELF = YES;
				CLANG_WARN_OBJC_LITERAL_CONVERSION = YES;
				CLANG_WARN_OBJC_ROOT_CLASS = YES_ERROR;
				CLANG_WARN_QUOTED_INCLUDE_IN_FRAMEWORK_HEADER = YES;
				CLANG_WARN_RANGE_LOOP_ANALYSIS = YES;
				CLANG_WARN_STRICT_PROTOTYPES = YES;
				CLANG_WARN_SUSPICIOUS_MOVE = YES;
				CLANG_WARN_UNGUARDED_AVAILABILITY = YES_AGGRESSIVE;
				CLANG_WARN_UNREACHABLE_CODE = YES;
				CLANG_WARN__DUPLICATE_METHOD_MATCH = YES;
				COPY_PHASE_STRIP = NO;
				DEBUG_INFORMATION_FORMAT = "dwarf-with-dsym";
				ENABLE_NS_ASSERTIONS = NO;
				ENABLE_STRICT_OBJC_MSGSEND = YES;
				GCC_C_LANGUAGE_STANDARD = gnu11;
				GCC_NO_COMMON_BLOCKS = YES;
				GCC_WARN_64_TO_32_BIT_CONVERSION = YES;
				GCC_WARN_ABOUT_RETURN_TYPE = YES_ERROR;
				GCC_WARN_UNDECLARED_SELECTOR = YES;
				GCC_WARN_UNINITIALIZED_AUTOS = YES_AGGRESSIVE;
				GCC_WARN_UNUSED_FUNCTION = YES;
				GCC_WARN_UNUSED_VARIABLE = YES;
				IPHONEOS_DEPLOYMENT_TARGET = 14.0;
				MTL_ENABLE_DEBUG_INFO = NO;
				MTL_FAST_MATH = YES;
				SDKROOT = iphoneos;
				VALIDATE_PRODUCT = YES;
			};
			name = Release;
		};
		0CDD7817299DF70500E02190 /* Debug */ = {
			isa = XCBuildConfiguration;
			buildSettings = {
				ASSETCATALOG_COMPILER_APPICON_NAME = AppIcon;
				ASSETCATALOG_COMPILER_GLOBAL_ACCENT_COLOR_NAME = AccentColor;
				CLANG_ANALYZER_LIBKERN_RETAIN_COUNT = YES;
				CLANG_ANALYZER_MEMORY_MANAGEMENT = NO;
				CLANG_ANALYZER_MIG_CONVENTIONS = NO;
				CLANG_CXX_LANGUAGE_STANDARD = "c++17";
				CLANG_ENABLE_OBJC_ARC = YES;
				CLANG_ENABLE_OBJC_WEAK = YES;
				CLANG_TIDY_BUGPRONE_ASSERT_SIDE_EFFECT = YES;
				CODE_SIGN_STYLE = Automatic;
				CURRENT_PROJECT_VERSION = 1;
				DEVELOPMENT_TEAM = "";
				GCC_C_LANGUAGE_STANDARD = c11;
				GCC_LINK_WITH_DYNAMIC_LIBRARIES = NO;
				GCC_OPTIMIZATION_LEVEL = 3;
				GENERATE_INFOPLIST_FILE = YES;
				HEADER_SEARCH_PATHS = (
					"${PROJECT_DIR}/../utils/**",
					"${PROJECT_DIR}/c_api/include",
					"${PROJECT_DIR}/instant_ngp",
					"${PROJECT_DIR}",
				);
				INFOPLIST_FILE = TaichiNGPDemo/Info.plist;
				INFOPLIST_KEY_UIApplicationSupportsIndirectInputEvents = YES;
				INFOPLIST_KEY_UILaunchStoryboardName = LaunchScreen;
				INFOPLIST_KEY_UIMainStoryboardFile = Main;
				INFOPLIST_KEY_UISupportedInterfaceOrientations_iPad = "UIInterfaceOrientationPortrait UIInterfaceOrientationPortraitUpsideDown UIInterfaceOrientationLandscapeLeft UIInterfaceOrientationLandscapeRight";
				INFOPLIST_KEY_UISupportedInterfaceOrientations_iPhone = "UIInterfaceOrientationPortrait UIInterfaceOrientationLandscapeLeft UIInterfaceOrientationLandscapeRight";
				IPHONEOS_DEPLOYMENT_TARGET = 14.6;
				LD_RUNPATH_SEARCH_PATHS = (
					"$(inherited)",
					"@executable_path/Frameworks",
				);
				LIBRARY_SEARCH_PATHS = (
					"$(inherited)",
					"$(PROJECT_DIR)/c_api/lib",
				);
				MARKETING_VERSION = 1.0;
				PRELINK_LIBS = "";
				PRODUCT_NAME = "$(TARGET_NAME)";
				SWIFT_EMIT_LOC_STRINGS = YES;
				TARGETED_DEVICE_FAMILY = "1,2";
			};
			name = Debug;
		};
		0CDD7818299DF70500E02190 /* Release */ = {
			isa = XCBuildConfiguration;
			buildSettings = {
				ASSETCATALOG_COMPILER_APPICON_NAME = AppIcon;
				ASSETCATALOG_COMPILER_GLOBAL_ACCENT_COLOR_NAME = AccentColor;
				CLANG_ANALYZER_LIBKERN_RETAIN_COUNT = YES;
				CLANG_ANALYZER_MEMORY_MANAGEMENT = NO;
				CLANG_ANALYZER_MIG_CONVENTIONS = NO;
				CLANG_CXX_LANGUAGE_STANDARD = "c++17";
				CLANG_ENABLE_OBJC_ARC = YES;
				CLANG_ENABLE_OBJC_WEAK = YES;
				CLANG_TIDY_BUGPRONE_ASSERT_SIDE_EFFECT = YES;
				CODE_SIGN_STYLE = Automatic;
				CURRENT_PROJECT_VERSION = 1;
				DEVELOPMENT_TEAM = "";
				GCC_C_LANGUAGE_STANDARD = c11;
				GCC_LINK_WITH_DYNAMIC_LIBRARIES = NO;
				GCC_OPTIMIZATION_LEVEL = 3;
				GENERATE_INFOPLIST_FILE = YES;
				HEADER_SEARCH_PATHS = (
					"${PROJECT_DIR}/../utils/**",
					"${PROJECT_DIR}/c_api/include",
					"${PROJECT_DIR}/instant_ngp",
					"${PROJECT_DIR}",
				);
				INFOPLIST_FILE = TaichiNGPDemo/Info.plist;
				INFOPLIST_KEY_UIApplicationSupportsIndirectInputEvents = YES;
				INFOPLIST_KEY_UILaunchStoryboardName = LaunchScreen;
				INFOPLIST_KEY_UIMainStoryboardFile = Main;
				INFOPLIST_KEY_UISupportedInterfaceOrientations_iPad = "UIInterfaceOrientationPortrait UIInterfaceOrientationPortraitUpsideDown UIInterfaceOrientationLandscapeLeft UIInterfaceOrientationLandscapeRight";
				INFOPLIST_KEY_UISupportedInterfaceOrientations_iPhone = "UIInterfaceOrientationPortrait UIInterfaceOrientationLandscapeLeft UIInterfaceOrientationLandscapeRight";
				IPHONEOS_DEPLOYMENT_TARGET = 14.6;
				LD_RUNPATH_SEARCH_PATHS = (
					"$(inherited)",
					"@executable_path/Frameworks",
				);
				LIBRARY_SEARCH_PATHS = (
					"$(inherited)",
					"$(PROJECT_DIR)/c_api/lib",
				);
				MARKETING_VERSION = 1.0;
				PRELINK_LIBS = "";
				PRODUCT_NAME = "$(TARGET_NAME)";
				SWIFT_EMIT_LOC_STRINGS = YES;
				TARGETED_DEVICE_FAMILY = "1,2";
			};
			name = Release;
		};
/* End XCBuildConfiguration section */

/* Begin XCConfigurationList section */
		0CDD77F8299DF70500E02190 /* Build configuration list for PBXProject "TaichiNGPDemo" */ = {
			isa = XCConfigurationList;
			buildConfigurations = (
				0CDD7814299DF70500E02190 /* Debug */,
				0CDD7815299DF70500E02190 /* Release */,
			);
			defaultConfigurationIsVisible = 0;
			defaultConfigurationName = Debug;
		};
		0CDD7816299DF70500E02190 /* Build configuration list for PBXNativeTarget "TaichiNGPDemo" */ = {
			isa = XCConfigurationList;
			buildConfigurations = (
				0CDD7817299DF70500E02190 /* Debug */,
				0CDD7818299DF70500E02190 /* Release */,
			);
			defaultConfigurationIsVisible = 0;
			defaultConfigurationName = Debug;
		};
/* End XCConfigurationList section */
	};
	rootObject = 0CDD77F5299DF70500E02190 /* Project object */;
}
